// !$*UTF8*$!
{
	archiveVersion = 1;
	classes = {
	};
	objectVersion = 46;
	objects = {

/* Begin PBXBuildFile section */
		05F415D21CFAA87000A72FAA /* FutureAndThenTests.swift in Sources */ = {isa = PBXBuildFile; fileRef = 05F415B81CFAA87000A72FAA /* FutureAndThenTests.swift */; };
		05F415D31CFAA87000A72FAA /* FutureCompleteWithTests.swift in Sources */ = {isa = PBXBuildFile; fileRef = 05F415B91CFAA87000A72FAA /* FutureCompleteWithTests.swift */; };
		05F415D41CFAA87000A72FAA /* FutureFailureTests.swift in Sources */ = {isa = PBXBuildFile; fileRef = 05F415BA1CFAA87000A72FAA /* FutureFailureTests.swift */; };
		05F415D51CFAA87000A72FAA /* FutureFlatmapTests.swift in Sources */ = {isa = PBXBuildFile; fileRef = 05F415BB1CFAA87000A72FAA /* FutureFlatmapTests.swift */; };
		05F415D61CFAA87000A72FAA /* FutureForcompTests.swift in Sources */ = {isa = PBXBuildFile; fileRef = 05F415BC1CFAA87000A72FAA /* FutureForcompTests.swift */; };
		05F415D71CFAA87000A72FAA /* FutureForcompYieldTests.swift in Sources */ = {isa = PBXBuildFile; fileRef = 05F415BD1CFAA87000A72FAA /* FutureForcompYieldTests.swift */; };
		05F415D81CFAA87000A72FAA /* FutureForeachTests.swift in Sources */ = {isa = PBXBuildFile; fileRef = 05F415BE1CFAA87000A72FAA /* FutureForeachTests.swift */; };
		05F415D91CFAA87000A72FAA /* FutureMapTests.swift in Sources */ = {isa = PBXBuildFile; fileRef = 05F415BF1CFAA87000A72FAA /* FutureMapTests.swift */; };
		05F415DA1CFAA87000A72FAA /* FutureRecoverTests.swift in Sources */ = {isa = PBXBuildFile; fileRef = 05F415C01CFAA87000A72FAA /* FutureRecoverTests.swift */; };
		05F415DB1CFAA87000A72FAA /* FutureRecoverWithTests.swift in Sources */ = {isa = PBXBuildFile; fileRef = 05F415C11CFAA87000A72FAA /* FutureRecoverWithTests.swift */; };
		05F415DC1CFAA87000A72FAA /* FutureSuccessTests.swift in Sources */ = {isa = PBXBuildFile; fileRef = 05F415C21CFAA87000A72FAA /* FutureSuccessTests.swift */; };
		05F415DD1CFAA87000A72FAA /* FutureWithFilterTests.swift in Sources */ = {isa = PBXBuildFile; fileRef = 05F415C31CFAA87000A72FAA /* FutureWithFilterTests.swift */; };
		05F415DF1CFAA87000A72FAA /* StreamAndThenTests.swift in Sources */ = {isa = PBXBuildFile; fileRef = 05F415C51CFAA87000A72FAA /* StreamAndThenTests.swift */; };
		05F415E01CFAA87000A72FAA /* StreamCapacityTests.swift in Sources */ = {isa = PBXBuildFile; fileRef = 05F415C61CFAA87000A72FAA /* StreamCapacityTests.swift */; };
		05F415E11CFAA87000A72FAA /* StreamCompleteWithTests.swift in Sources */ = {isa = PBXBuildFile; fileRef = 05F415C71CFAA87000A72FAA /* StreamCompleteWithTests.swift */; };
		05F415E21CFAA87000A72FAA /* StreamFailureTests.swift in Sources */ = {isa = PBXBuildFile; fileRef = 05F415C81CFAA87000A72FAA /* StreamFailureTests.swift */; };
		05F415E31CFAA87000A72FAA /* StreamFlatmapTests.swift in Sources */ = {isa = PBXBuildFile; fileRef = 05F415C91CFAA87000A72FAA /* StreamFlatmapTests.swift */; };
		05F415E41CFAA87000A72FAA /* StreamForeachTests.swift in Sources */ = {isa = PBXBuildFile; fileRef = 05F415CA1CFAA87000A72FAA /* StreamForeachTests.swift */; };
		05F415E51CFAA87000A72FAA /* StreamMapTests.swift in Sources */ = {isa = PBXBuildFile; fileRef = 05F415CB1CFAA87000A72FAA /* StreamMapTests.swift */; };
		05F415E61CFAA87000A72FAA /* StreamRecoverTests.swift in Sources */ = {isa = PBXBuildFile; fileRef = 05F415CC1CFAA87000A72FAA /* StreamRecoverTests.swift */; };
		05F415E71CFAA87000A72FAA /* StreamRecoverWithTests.swift in Sources */ = {isa = PBXBuildFile; fileRef = 05F415CD1CFAA87000A72FAA /* StreamRecoverWithTests.swift */; };
		05F415E81CFAA87000A72FAA /* StreamSuccessTests.swift in Sources */ = {isa = PBXBuildFile; fileRef = 05F415CE1CFAA87000A72FAA /* StreamSuccessTests.swift */; };
		05F415E91CFAA87000A72FAA /* StreamWithFilter.swift in Sources */ = {isa = PBXBuildFile; fileRef = 05F415CF1CFAA87000A72FAA /* StreamWithFilter.swift */; };
		05F415EA1CFAA87000A72FAA /* TestHelper.swift in Sources */ = {isa = PBXBuildFile; fileRef = 05F415D01CFAA87000A72FAA /* TestHelper.swift */; };
		05F415EB1CFAA87000A72FAA /* XCTTestCase+SimpleFuturesAssertions.swift in Sources */ = {isa = PBXBuildFile; fileRef = 05F415D11CFAA87000A72FAA /* XCTTestCase+SimpleFuturesAssertions.swift */; };
		C5CDC38E4BF5A98459F97963 /* Pods_SimpleFuturesTests.framework in Frameworks */ = {isa = PBXBuildFile; fileRef = A1B2200C7A5A681939C7EB0B /* Pods_SimpleFuturesTests.framework */; };
/* End PBXBuildFile section */

/* Begin PBXFileReference section */
		05F415A81CFAA4FD00A72FAA /* SimpleFuturesTests.xctest */ = {isa = PBXFileReference; explicitFileType = wrapper.cfbundle; includeInIndex = 0; path = SimpleFuturesTests.xctest; sourceTree = BUILT_PRODUCTS_DIR; };
		05F415B81CFAA87000A72FAA /* FutureAndThenTests.swift */ = {isa = PBXFileReference; fileEncoding = 4; lastKnownFileType = sourcecode.swift; path = FutureAndThenTests.swift; sourceTree = "<group>"; };
		05F415B91CFAA87000A72FAA /* FutureCompleteWithTests.swift */ = {isa = PBXFileReference; fileEncoding = 4; lastKnownFileType = sourcecode.swift; path = FutureCompleteWithTests.swift; sourceTree = "<group>"; };
		05F415BA1CFAA87000A72FAA /* FutureFailureTests.swift */ = {isa = PBXFileReference; fileEncoding = 4; lastKnownFileType = sourcecode.swift; path = FutureFailureTests.swift; sourceTree = "<group>"; };
		05F415BB1CFAA87000A72FAA /* FutureFlatmapTests.swift */ = {isa = PBXFileReference; fileEncoding = 4; lastKnownFileType = sourcecode.swift; path = FutureFlatmapTests.swift; sourceTree = "<group>"; };
		05F415BC1CFAA87000A72FAA /* FutureForcompTests.swift */ = {isa = PBXFileReference; fileEncoding = 4; lastKnownFileType = sourcecode.swift; path = FutureForcompTests.swift; sourceTree = "<group>"; };
		05F415BD1CFAA87000A72FAA /* FutureForcompYieldTests.swift */ = {isa = PBXFileReference; fileEncoding = 4; lastKnownFileType = sourcecode.swift; path = FutureForcompYieldTests.swift; sourceTree = "<group>"; };
		05F415BE1CFAA87000A72FAA /* FutureForeachTests.swift */ = {isa = PBXFileReference; fileEncoding = 4; lastKnownFileType = sourcecode.swift; path = FutureForeachTests.swift; sourceTree = "<group>"; };
		05F415BF1CFAA87000A72FAA /* FutureMapTests.swift */ = {isa = PBXFileReference; fileEncoding = 4; lastKnownFileType = sourcecode.swift; path = FutureMapTests.swift; sourceTree = "<group>"; };
		05F415C01CFAA87000A72FAA /* FutureRecoverTests.swift */ = {isa = PBXFileReference; fileEncoding = 4; lastKnownFileType = sourcecode.swift; path = FutureRecoverTests.swift; sourceTree = "<group>"; };
		05F415C11CFAA87000A72FAA /* FutureRecoverWithTests.swift */ = {isa = PBXFileReference; fileEncoding = 4; lastKnownFileType = sourcecode.swift; path = FutureRecoverWithTests.swift; sourceTree = "<group>"; };
		05F415C21CFAA87000A72FAA /* FutureSuccessTests.swift */ = {isa = PBXFileReference; fileEncoding = 4; lastKnownFileType = sourcecode.swift; path = FutureSuccessTests.swift; sourceTree = "<group>"; };
		05F415C31CFAA87000A72FAA /* FutureWithFilterTests.swift */ = {isa = PBXFileReference; fileEncoding = 4; lastKnownFileType = sourcecode.swift; path = FutureWithFilterTests.swift; sourceTree = "<group>"; };
		05F415C51CFAA87000A72FAA /* StreamAndThenTests.swift */ = {isa = PBXFileReference; fileEncoding = 4; lastKnownFileType = sourcecode.swift; path = StreamAndThenTests.swift; sourceTree = "<group>"; };
		05F415C61CFAA87000A72FAA /* StreamCapacityTests.swift */ = {isa = PBXFileReference; fileEncoding = 4; lastKnownFileType = sourcecode.swift; path = StreamCapacityTests.swift; sourceTree = "<group>"; };
		05F415C71CFAA87000A72FAA /* StreamCompleteWithTests.swift */ = {isa = PBXFileReference; fileEncoding = 4; lastKnownFileType = sourcecode.swift; path = StreamCompleteWithTests.swift; sourceTree = "<group>"; };
		05F415C81CFAA87000A72FAA /* StreamFailureTests.swift */ = {isa = PBXFileReference; fileEncoding = 4; lastKnownFileType = sourcecode.swift; path = StreamFailureTests.swift; sourceTree = "<group>"; };
		05F415C91CFAA87000A72FAA /* StreamFlatmapTests.swift */ = {isa = PBXFileReference; fileEncoding = 4; lastKnownFileType = sourcecode.swift; path = StreamFlatmapTests.swift; sourceTree = "<group>"; };
		05F415CA1CFAA87000A72FAA /* StreamForeachTests.swift */ = {isa = PBXFileReference; fileEncoding = 4; lastKnownFileType = sourcecode.swift; path = StreamForeachTests.swift; sourceTree = "<group>"; };
		05F415CB1CFAA87000A72FAA /* StreamMapTests.swift */ = {isa = PBXFileReference; fileEncoding = 4; lastKnownFileType = sourcecode.swift; path = StreamMapTests.swift; sourceTree = "<group>"; };
		05F415CC1CFAA87000A72FAA /* StreamRecoverTests.swift */ = {isa = PBXFileReference; fileEncoding = 4; lastKnownFileType = sourcecode.swift; path = StreamRecoverTests.swift; sourceTree = "<group>"; };
		05F415CD1CFAA87000A72FAA /* StreamRecoverWithTests.swift */ = {isa = PBXFileReference; fileEncoding = 4; lastKnownFileType = sourcecode.swift; path = StreamRecoverWithTests.swift; sourceTree = "<group>"; };
		05F415CE1CFAA87000A72FAA /* StreamSuccessTests.swift */ = {isa = PBXFileReference; fileEncoding = 4; lastKnownFileType = sourcecode.swift; path = StreamSuccessTests.swift; sourceTree = "<group>"; };
		05F415CF1CFAA87000A72FAA /* StreamWithFilter.swift */ = {isa = PBXFileReference; fileEncoding = 4; lastKnownFileType = sourcecode.swift; path = StreamWithFilter.swift; sourceTree = "<group>"; };
		05F415D01CFAA87000A72FAA /* TestHelper.swift */ = {isa = PBXFileReference; fileEncoding = 4; lastKnownFileType = sourcecode.swift; path = TestHelper.swift; sourceTree = "<group>"; };
		05F415D11CFAA87000A72FAA /* XCTTestCase+SimpleFuturesAssertions.swift */ = {isa = PBXFileReference; fileEncoding = 4; lastKnownFileType = sourcecode.swift; path = "XCTTestCase+SimpleFuturesAssertions.swift"; sourceTree = "<group>"; };
		05F415ED1CFAAB3A00A72FAA /* Info.plist */ = {isa = PBXFileReference; fileEncoding = 4; lastKnownFileType = text.plist.xml; path = Info.plist; sourceTree = SOURCE_ROOT; };
		482A7256DFF2B018263333EC /* Pods-SimpleFuturesTests.release.xcconfig */ = {isa = PBXFileReference; includeInIndex = 1; lastKnownFileType = text.xcconfig; name = "Pods-SimpleFuturesTests.release.xcconfig"; path = "Pods/Target Support Files/Pods-SimpleFuturesTests/Pods-SimpleFuturesTests.release.xcconfig"; sourceTree = "<group>"; };
		6582BB82166CB289E38686D6 /* Pods-SimpleFuturesTests.debug.xcconfig */ = {isa = PBXFileReference; includeInIndex = 1; lastKnownFileType = text.xcconfig; name = "Pods-SimpleFuturesTests.debug.xcconfig"; path = "Pods/Target Support Files/Pods-SimpleFuturesTests/Pods-SimpleFuturesTests.debug.xcconfig"; sourceTree = "<group>"; };
		A1B2200C7A5A681939C7EB0B /* Pods_SimpleFuturesTests.framework */ = {isa = PBXFileReference; explicitFileType = wrapper.framework; includeInIndex = 0; path = Pods_SimpleFuturesTests.framework; sourceTree = BUILT_PRODUCTS_DIR; };
/* End PBXFileReference section */

/* Begin PBXFrameworksBuildPhase section */
		05F415A51CFAA4FD00A72FAA /* Frameworks */ = {
			isa = PBXFrameworksBuildPhase;
			buildActionMask = 2147483647;
			files = (
				C5CDC38E4BF5A98459F97963 /* Pods_SimpleFuturesTests.framework in Frameworks */,
			);
			runOnlyForDeploymentPostprocessing = 0;
		};
/* End PBXFrameworksBuildPhase section */

/* Begin PBXGroup section */
		05F415941CFAA4FC00A72FAA = {
			isa = PBXGroup;
			children = (
				05F415A01CFAA4FC00A72FAA /* SimpleFuturesTests */,
				05F4159F1CFAA4FC00A72FAA /* Products */,
				E1C7D9F4CA38A98AAFF0DF9E /* Pods */,
				20B66EB5B7198859BF0CC879 /* Frameworks */,
			);
			sourceTree = "<group>";
		};
		05F4159F1CFAA4FC00A72FAA /* Products */ = {
			isa = PBXGroup;
			children = (
				05F415A81CFAA4FD00A72FAA /* SimpleFuturesTests.xctest */,
			);
			name = Products;
			sourceTree = "<group>";
		};
		05F415A01CFAA4FC00A72FAA /* SimpleFuturesTests */ = {
			isa = PBXGroup;
			children = (
				05F415B81CFAA87000A72FAA /* FutureAndThenTests.swift */,
				05F415B91CFAA87000A72FAA /* FutureCompleteWithTests.swift */,
				05F415BA1CFAA87000A72FAA /* FutureFailureTests.swift */,
				05F415BB1CFAA87000A72FAA /* FutureFlatmapTests.swift */,
				05F415BC1CFAA87000A72FAA /* FutureForcompTests.swift */,
				05F415BD1CFAA87000A72FAA /* FutureForcompYieldTests.swift */,
				05F415BE1CFAA87000A72FAA /* FutureForeachTests.swift */,
				05F415BF1CFAA87000A72FAA /* FutureMapTests.swift */,
				05F415C01CFAA87000A72FAA /* FutureRecoverTests.swift */,
				05F415C11CFAA87000A72FAA /* FutureRecoverWithTests.swift */,
				05F415C21CFAA87000A72FAA /* FutureSuccessTests.swift */,
				05F415C31CFAA87000A72FAA /* FutureWithFilterTests.swift */,
				05F415C51CFAA87000A72FAA /* StreamAndThenTests.swift */,
				05F415C61CFAA87000A72FAA /* StreamCapacityTests.swift */,
				05F415C71CFAA87000A72FAA /* StreamCompleteWithTests.swift */,
				05F415C81CFAA87000A72FAA /* StreamFailureTests.swift */,
				05F415C91CFAA87000A72FAA /* StreamFlatmapTests.swift */,
				05F415CA1CFAA87000A72FAA /* StreamForeachTests.swift */,
				05F415CB1CFAA87000A72FAA /* StreamMapTests.swift */,
				05F415CC1CFAA87000A72FAA /* StreamRecoverTests.swift */,
				05F415CD1CFAA87000A72FAA /* StreamRecoverWithTests.swift */,
				05F415CE1CFAA87000A72FAA /* StreamSuccessTests.swift */,
				05F415CF1CFAA87000A72FAA /* StreamWithFilter.swift */,
				05F415D01CFAA87000A72FAA /* TestHelper.swift */,
				05F415D11CFAA87000A72FAA /* XCTTestCase+SimpleFuturesAssertions.swift */,
				05F415EC1CFAA9F600A72FAA /* Supporting Files */,
			);
			path = SimpleFuturesTests;
			sourceTree = "<group>";
		};
		05F415EC1CFAA9F600A72FAA /* Supporting Files */ = {
			isa = PBXGroup;
			children = (
				05F415ED1CFAAB3A00A72FAA /* Info.plist */,
			);
			name = "Supporting Files";
			sourceTree = "<group>";
		};
		20B66EB5B7198859BF0CC879 /* Frameworks */ = {
			isa = PBXGroup;
			children = (
				A1B2200C7A5A681939C7EB0B /* Pods_SimpleFuturesTests.framework */,
			);
			name = Frameworks;
			sourceTree = "<group>";
		};
		E1C7D9F4CA38A98AAFF0DF9E /* Pods */ = {
			isa = PBXGroup;
			children = (
				6582BB82166CB289E38686D6 /* Pods-SimpleFuturesTests.debug.xcconfig */,
				482A7256DFF2B018263333EC /* Pods-SimpleFuturesTests.release.xcconfig */,
			);
			name = Pods;
			sourceTree = "<group>";
		};
/* End PBXGroup section */

/* Begin PBXNativeTarget section */
		05F415A71CFAA4FD00A72FAA /* SimpleFuturesTests */ = {
			isa = PBXNativeTarget;
			buildConfigurationList = 05F415B51CFAA4FD00A72FAA /* Build configuration list for PBXNativeTarget "SimpleFuturesTests" */;
			buildPhases = (
				7F687E0291BCA9872740AB7E /* 📦 Check Pods Manifest.lock */,
				05F415A41CFAA4FD00A72FAA /* Sources */,
				05F415A51CFAA4FD00A72FAA /* Frameworks */,
				05F415A61CFAA4FD00A72FAA /* Resources */,
				0D371C079B6FA78C5A00ECAA /* 📦 Embed Pods Frameworks */,
				0A56ADAA044C439FAB7B25A4 /* 📦 Copy Pods Resources */,
			);
			buildRules = (
			);
			dependencies = (
			);
			name = SimpleFuturesTests;
			productName = SimpleFuturesTestsTests;
			productReference = 05F415A81CFAA4FD00A72FAA /* SimpleFuturesTests.xctest */;
			productType = "com.apple.product-type.bundle.unit-test";
		};
/* End PBXNativeTarget section */

/* Begin PBXProject section */
		05F415951CFAA4FC00A72FAA /* Project object */ = {
			isa = PBXProject;
			attributes = {
				LastSwiftUpdateCheck = 0730;
				LastUpgradeCheck = 0730;
				ORGANIZATIONNAME = "Troy Stribling";
				TargetAttributes = {
					05F415A71CFAA4FD00A72FAA = {
						CreatedOnToolsVersion = 7.3.1;
					};
				};
			};
			buildConfigurationList = 05F415981CFAA4FC00A72FAA /* Build configuration list for PBXProject "SimpleFuturesTests" */;
			compatibilityVersion = "Xcode 3.2";
			developmentRegion = English;
			hasScannedForEncodings = 0;
			knownRegions = (
				en,
			);
			mainGroup = 05F415941CFAA4FC00A72FAA;
			productRefGroup = 05F4159F1CFAA4FC00A72FAA /* Products */;
			projectDirPath = "";
			projectRoot = "";
			targets = (
				05F415A71CFAA4FD00A72FAA /* SimpleFuturesTests */,
			);
		};
/* End PBXProject section */

/* Begin PBXResourcesBuildPhase section */
		05F415A61CFAA4FD00A72FAA /* Resources */ = {
			isa = PBXResourcesBuildPhase;
			buildActionMask = 2147483647;
			files = (
			);
			runOnlyForDeploymentPostprocessing = 0;
		};
/* End PBXResourcesBuildPhase section */

/* Begin PBXShellScriptBuildPhase section */
		0A56ADAA044C439FAB7B25A4 /* 📦 Copy Pods Resources */ = {
			isa = PBXShellScriptBuildPhase;
			buildActionMask = 2147483647;
			files = (
			);
			inputPaths = (
			);
			name = "📦 Copy Pods Resources";
			outputPaths = (
			);
			runOnlyForDeploymentPostprocessing = 0;
			shellPath = /bin/sh;
			shellScript = "\"${SRCROOT}/Pods/Target Support Files/Pods-SimpleFuturesTests/Pods-SimpleFuturesTests-resources.sh\"\n";
			showEnvVarsInLog = 0;
		};
		0D371C079B6FA78C5A00ECAA /* 📦 Embed Pods Frameworks */ = {
			isa = PBXShellScriptBuildPhase;
			buildActionMask = 2147483647;
			files = (
			);
			inputPaths = (
			);
			name = "📦 Embed Pods Frameworks";
			outputPaths = (
			);
			runOnlyForDeploymentPostprocessing = 0;
			shellPath = /bin/sh;
			shellScript = "\"${SRCROOT}/Pods/Target Support Files/Pods-SimpleFuturesTests/Pods-SimpleFuturesTests-frameworks.sh\"\n";
			showEnvVarsInLog = 0;
		};
		7F687E0291BCA9872740AB7E /* 📦 Check Pods Manifest.lock */ = {
			isa = PBXShellScriptBuildPhase;
			buildActionMask = 2147483647;
			files = (
			);
			inputPaths = (
			);
			name = "📦 Check Pods Manifest.lock";
			outputPaths = (
			);
			runOnlyForDeploymentPostprocessing = 0;
			shellPath = /bin/sh;
			shellScript = "diff \"${PODS_ROOT}/../Podfile.lock\" \"${PODS_ROOT}/Manifest.lock\" > /dev/null\nif [[ $? != 0 ]] ; then\n    cat << EOM\nerror: The sandbox is not in sync with the Podfile.lock. Run 'pod install' or update your CocoaPods installation.\nEOM\n    exit 1\nfi\n";
			showEnvVarsInLog = 0;
		};
/* End PBXShellScriptBuildPhase section */

/* Begin PBXSourcesBuildPhase section */
		05F415A41CFAA4FD00A72FAA /* Sources */ = {
			isa = PBXSourcesBuildPhase;
			buildActionMask = 2147483647;
			files = (
				05F415E91CFAA87000A72FAA /* StreamWithFilter.swift in Sources */,
				05F415D41CFAA87000A72FAA /* FutureFailureTests.swift in Sources */,
				05F415DA1CFAA87000A72FAA /* FutureRecoverTests.swift in Sources */,
				05F415EA1CFAA87000A72FAA /* TestHelper.swift in Sources */,
				05F415DD1CFAA87000A72FAA /* FutureWithFilterTests.swift in Sources */,
				05F415D71CFAA87000A72FAA /* FutureForcompYieldTests.swift in Sources */,
				05F415E41CFAA87000A72FAA /* StreamForeachTests.swift in Sources */,
				05F415D21CFAA87000A72FAA /* FutureAndThenTests.swift in Sources */,
				05F415D91CFAA87000A72FAA /* FutureMapTests.swift in Sources */,
				05F415E71CFAA87000A72FAA /* StreamRecoverWithTests.swift in Sources */,
				05F415DB1CFAA87000A72FAA /* FutureRecoverWithTests.swift in Sources */,
				05F415E81CFAA87000A72FAA /* StreamSuccessTests.swift in Sources */,
				05F415EB1CFAA87000A72FAA /* XCTTestCase+SimpleFuturesAssertions.swift in Sources */,
				05F415E61CFAA87000A72FAA /* StreamRecoverTests.swift in Sources */,
				05F415E11CFAA87000A72FAA /* StreamCompleteWithTests.swift in Sources */,
				05F415E31CFAA87000A72FAA /* StreamFlatmapTests.swift in Sources */,
				05F415E01CFAA87000A72FAA /* StreamCapacityTests.swift in Sources */,
				05F415D81CFAA87000A72FAA /* FutureForeachTests.swift in Sources */,
				05F415E21CFAA87000A72FAA /* StreamFailureTests.swift in Sources */,
				05F415D51CFAA87000A72FAA /* FutureFlatmapTests.swift in Sources */,
				05F415D31CFAA87000A72FAA /* FutureCompleteWithTests.swift in Sources */,
				05F415E51CFAA87000A72FAA /* StreamMapTests.swift in Sources */,
				05F415DF1CFAA87000A72FAA /* StreamAndThenTests.swift in Sources */,
				05F415DC1CFAA87000A72FAA /* FutureSuccessTests.swift in Sources */,
				05F415D61CFAA87000A72FAA /* FutureForcompTests.swift in Sources */,
			);
			runOnlyForDeploymentPostprocessing = 0;
		};
/* End PBXSourcesBuildPhase section */

/* Begin XCBuildConfiguration section */
		05F415B01CFAA4FD00A72FAA /* Debug */ = {
			isa = XCBuildConfiguration;
			buildSettings = {
				ALWAYS_SEARCH_USER_PATHS = NO;
				CLANG_ANALYZER_NONNULL = YES;
				CLANG_CXX_LANGUAGE_STANDARD = "gnu++0x";
				CLANG_CXX_LIBRARY = "libc++";
				CLANG_ENABLE_MODULES = YES;
				CLANG_ENABLE_OBJC_ARC = YES;
				CLANG_WARN_BOOL_CONVERSION = YES;
				CLANG_WARN_CONSTANT_CONVERSION = YES;
				CLANG_WARN_DIRECT_OBJC_ISA_USAGE = YES_ERROR;
				CLANG_WARN_EMPTY_BODY = YES;
				CLANG_WARN_ENUM_CONVERSION = YES;
				CLANG_WARN_INT_CONVERSION = YES;
				CLANG_WARN_OBJC_ROOT_CLASS = YES_ERROR;
				CLANG_WARN_UNREACHABLE_CODE = YES;
				CLANG_WARN__DUPLICATE_METHOD_MATCH = YES;
				"CODE_SIGN_IDENTITY[sdk=iphoneos*]" = "iPhone Developer";
				COPY_PHASE_STRIP = NO;
				CURRENT_PROJECT_VERSION = 1;
				DEBUG_INFORMATION_FORMAT = dwarf;
				ENABLE_STRICT_OBJC_MSGSEND = YES;
				ENABLE_TESTABILITY = YES;
				GCC_C_LANGUAGE_STANDARD = gnu99;
				GCC_DYNAMIC_NO_PIC = NO;
				GCC_NO_COMMON_BLOCKS = YES;
				GCC_OPTIMIZATION_LEVEL = 0;
				GCC_PREPROCESSOR_DEFINITIONS = (
					"DEBUG=1",
					"$(inherited)",
				);
				GCC_WARN_64_TO_32_BIT_CONVERSION = YES;
				GCC_WARN_ABOUT_RETURN_TYPE = YES_ERROR;
				GCC_WARN_UNDECLARED_SELECTOR = YES;
				GCC_WARN_UNINITIALIZED_AUTOS = YES_AGGRESSIVE;
				GCC_WARN_UNUSED_FUNCTION = YES;
				GCC_WARN_UNUSED_VARIABLE = YES;
				IPHONEOS_DEPLOYMENT_TARGET = 9.3;
				MTL_ENABLE_DEBUG_INFO = YES;
				ONLY_ACTIVE_ARCH = YES;
				SDKROOT = iphoneos;
				SWIFT_OPTIMIZATION_LEVEL = "-Onone";
				TARGETED_DEVICE_FAMILY = "1,2";
				VERSIONING_SYSTEM = "apple-generic";
				VERSION_INFO_PREFIX = "";
			};
			name = Debug;
		};
		05F415B11CFAA4FD00A72FAA /* Release */ = {
			isa = XCBuildConfiguration;
			buildSettings = {
				ALWAYS_SEARCH_USER_PATHS = NO;
				CLANG_ANALYZER_NONNULL = YES;
				CLANG_CXX_LANGUAGE_STANDARD = "gnu++0x";
				CLANG_CXX_LIBRARY = "libc++";
				CLANG_ENABLE_MODULES = YES;
				CLANG_ENABLE_OBJC_ARC = YES;
				CLANG_WARN_BOOL_CONVERSION = YES;
				CLANG_WARN_CONSTANT_CONVERSION = YES;
				CLANG_WARN_DIRECT_OBJC_ISA_USAGE = YES_ERROR;
				CLANG_WARN_EMPTY_BODY = YES;
				CLANG_WARN_ENUM_CONVERSION = YES;
				CLANG_WARN_INT_CONVERSION = YES;
				CLANG_WARN_OBJC_ROOT_CLASS = YES_ERROR;
				CLANG_WARN_UNREACHABLE_CODE = YES;
				CLANG_WARN__DUPLICATE_METHOD_MATCH = YES;
				"CODE_SIGN_IDENTITY[sdk=iphoneos*]" = "iPhone Developer";
				COPY_PHASE_STRIP = NO;
				CURRENT_PROJECT_VERSION = 1;
				DEBUG_INFORMATION_FORMAT = "dwarf-with-dsym";
				ENABLE_NS_ASSERTIONS = NO;
				ENABLE_STRICT_OBJC_MSGSEND = YES;
				GCC_C_LANGUAGE_STANDARD = gnu99;
				GCC_NO_COMMON_BLOCKS = YES;
				GCC_WARN_64_TO_32_BIT_CONVERSION = YES;
				GCC_WARN_ABOUT_RETURN_TYPE = YES_ERROR;
				GCC_WARN_UNDECLARED_SELECTOR = YES;
				GCC_WARN_UNINITIALIZED_AUTOS = YES_AGGRESSIVE;
				GCC_WARN_UNUSED_FUNCTION = YES;
				GCC_WARN_UNUSED_VARIABLE = YES;
				IPHONEOS_DEPLOYMENT_TARGET = 9.3;
				MTL_ENABLE_DEBUG_INFO = NO;
				SDKROOT = iphoneos;
				TARGETED_DEVICE_FAMILY = "1,2";
				VALIDATE_PRODUCT = YES;
				VERSIONING_SYSTEM = "apple-generic";
				VERSION_INFO_PREFIX = "";
			};
			name = Release;
		};
		05F415B61CFAA4FD00A72FAA /* Debug */ = {
			isa = XCBuildConfiguration;
			baseConfigurationReference = 6582BB82166CB289E38686D6 /* Pods-SimpleFuturesTests.debug.xcconfig */;
			buildSettings = {
				CLANG_ENABLE_MODULES = YES;
				INFOPLIST_FILE = Info.plist;
				LD_RUNPATH_SEARCH_PATHS = "$(inherited) @executable_path/Frameworks @loader_path/Frameworks";
				PRODUCT_BUNDLE_IDENTIFIER = gnos.us.SimpleFuturesTestsTests;
				PRODUCT_NAME = "$(TARGET_NAME)";
				SWIFT_OPTIMIZATION_LEVEL = "-Onone";
			};
			name = Debug;
		};
		05F415B71CFAA4FD00A72FAA /* Release */ = {
			isa = XCBuildConfiguration;
			baseConfigurationReference = 482A7256DFF2B018263333EC /* Pods-SimpleFuturesTests.release.xcconfig */;
			buildSettings = {
				CLANG_ENABLE_MODULES = YES;
				INFOPLIST_FILE = Info.plist;
				LD_RUNPATH_SEARCH_PATHS = "$(inherited) @executable_path/Frameworks @loader_path/Frameworks";
				PRODUCT_BUNDLE_IDENTIFIER = gnos.us.SimpleFuturesTestsTests;
				PRODUCT_NAME = "$(TARGET_NAME)";
			};
			name = Release;
		};
/* End XCBuildConfiguration section */

/* Begin XCConfigurationList section */
		05F415981CFAA4FC00A72FAA /* Build configuration list for PBXProject "SimpleFuturesTests" */ = {
			isa = XCConfigurationList;
			buildConfigurations = (
				05F415B01CFAA4FD00A72FAA /* Debug */,
				05F415B11CFAA4FD00A72FAA /* Release */,
			);
			defaultConfigurationIsVisible = 0;
			defaultConfigurationName = Release;
		};
		05F415B51CFAA4FD00A72FAA /* Build configuration list for PBXNativeTarget "SimpleFuturesTests" */ = {
			isa = XCConfigurationList;
			buildConfigurations = (
				05F415B61CFAA4FD00A72FAA /* Debug */,
				05F415B71CFAA4FD00A72FAA /* Release */,
			);
			defaultConfigurationIsVisible = 0;
			defaultConfigurationName = Release;
		};
/* End XCConfigurationList section */
	};
	rootObject = 05F415951CFAA4FC00A72FAA /* Project object */;
}
