// !$*UTF8*$!
{
	archiveVersion = 1;
	classes = {
	};
	objectVersion = 46;
	objects = {

/* Begin PBXBuildFile section */
		05B1568B1D57B7B40024AC9A /* FutureTests.swift in Sources */ = {isa = PBXBuildFile; fileRef = 05B1568A1D57B7B40024AC9A /* FutureTests.swift */; };
		05B1568D1D58D6840024AC9A /* FutureSreamTests.swift in Sources */ = {isa = PBXBuildFile; fileRef = 05B1568C1D58D6840024AC9A /* FutureSreamTests.swift */; };
		05BF91F91CFCA79A00B78B12 /* TestHelper.swift in Sources */ = {isa = PBXBuildFile; fileRef = 05BF91F71CFCA79A00B78B12 /* TestHelper.swift */; };
		05BF91FA1CFCA79A00B78B12 /* XCTTestCase+SimpleFuturesAssertions.swift in Sources */ = {isa = PBXBuildFile; fileRef = 05BF91F81CFCA79A00B78B12 /* XCTTestCase+SimpleFuturesAssertions.swift */; };
		05F415E11CFAA87000A72FAA /* StreamCompleteWithTests.swift in Sources */ = {isa = PBXBuildFile; fileRef = 05F415C71CFAA87000A72FAA /* StreamCompleteWithTests.swift */; };
		05F415E41CFAA87000A72FAA /* StreamForEachTests.swift in Sources */ = {isa = PBXBuildFile; fileRef = 05F415CA1CFAA87000A72FAA /* StreamForEachTests.swift */; };
		05F415E91CFAA87000A72FAA /* StreamWithFilter.swift in Sources */ = {isa = PBXBuildFile; fileRef = 05F415CF1CFAA87000A72FAA /* StreamWithFilter.swift */; };
		76A2B190CA4DDAA4E835E8DA /* Pods_SimpleFuturesTests.framework in Frameworks */ = {isa = PBXBuildFile; fileRef = 4DAE7FC762C409C8F47D70C5 /* Pods_SimpleFuturesTests.framework */; };
/* End PBXBuildFile section */

/* Begin PBXFileReference section */
		050D3B3A1D411DE800334636 /* SimpleFuturesTests-Bridging-Header.h */ = {isa = PBXFileReference; fileEncoding = 4; lastKnownFileType = sourcecode.c.h; path = "SimpleFuturesTests-Bridging-Header.h"; sourceTree = "<group>"; };
		05B1568A1D57B7B40024AC9A /* FutureTests.swift */ = {isa = PBXFileReference; fileEncoding = 4; lastKnownFileType = sourcecode.swift; path = FutureTests.swift; sourceTree = "<group>"; };
		05B1568C1D58D6840024AC9A /* FutureSreamTests.swift */ = {isa = PBXFileReference; fileEncoding = 4; lastKnownFileType = sourcecode.swift; path = FutureSreamTests.swift; sourceTree = "<group>"; };
		05BF91F71CFCA79A00B78B12 /* TestHelper.swift */ = {isa = PBXFileReference; fileEncoding = 4; lastKnownFileType = sourcecode.swift; name = TestHelper.swift; path = Helpers/TestHelper.swift; sourceTree = "<group>"; };
		05BF91F81CFCA79A00B78B12 /* XCTTestCase+SimpleFuturesAssertions.swift */ = {isa = PBXFileReference; fileEncoding = 4; lastKnownFileType = sourcecode.swift; name = "XCTTestCase+SimpleFuturesAssertions.swift"; path = "Helpers/XCTTestCase+SimpleFuturesAssertions.swift"; sourceTree = "<group>"; };
		05F415A81CFAA4FD00A72FAA /* SimpleFuturesTests.xctest */ = {isa = PBXFileReference; explicitFileType = wrapper.cfbundle; includeInIndex = 0; path = SimpleFuturesTests.xctest; sourceTree = BUILT_PRODUCTS_DIR; };
		05F415C71CFAA87000A72FAA /* StreamCompleteWithTests.swift */ = {isa = PBXFileReference; fileEncoding = 4; lastKnownFileType = sourcecode.swift; path = StreamCompleteWithTests.swift; sourceTree = "<group>"; };
		05F415CA1CFAA87000A72FAA /* StreamForEachTests.swift */ = {isa = PBXFileReference; fileEncoding = 4; lastKnownFileType = sourcecode.swift; path = StreamForEachTests.swift; sourceTree = "<group>"; };
		05F415CF1CFAA87000A72FAA /* StreamWithFilter.swift */ = {isa = PBXFileReference; fileEncoding = 4; lastKnownFileType = sourcecode.swift; path = StreamWithFilter.swift; sourceTree = "<group>"; };
		05F415ED1CFAAB3A00A72FAA /* Info.plist */ = {isa = PBXFileReference; fileEncoding = 4; lastKnownFileType = text.plist.xml; path = Info.plist; sourceTree = SOURCE_ROOT; };
		4DAE7FC762C409C8F47D70C5 /* Pods_SimpleFuturesTests.framework */ = {isa = PBXFileReference; explicitFileType = wrapper.framework; includeInIndex = 0; path = Pods_SimpleFuturesTests.framework; sourceTree = BUILT_PRODUCTS_DIR; };
		74E67CA3351B0FA6E62348B2 /* Pods-SimpleFuturesTests.debug.xcconfig */ = {isa = PBXFileReference; includeInIndex = 1; lastKnownFileType = text.xcconfig; name = "Pods-SimpleFuturesTests.debug.xcconfig"; path = "Pods/Target Support Files/Pods-SimpleFuturesTests/Pods-SimpleFuturesTests.debug.xcconfig"; sourceTree = "<group>"; };
		DE4C1BD80C2C2BBF8BD0F746 /* Pods-SimpleFuturesTests.release.xcconfig */ = {isa = PBXFileReference; includeInIndex = 1; lastKnownFileType = text.xcconfig; name = "Pods-SimpleFuturesTests.release.xcconfig"; path = "Pods/Target Support Files/Pods-SimpleFuturesTests/Pods-SimpleFuturesTests.release.xcconfig"; sourceTree = "<group>"; };
/* End PBXFileReference section */

/* Begin PBXFrameworksBuildPhase section */
		05F415A51CFAA4FD00A72FAA /* Frameworks */ = {
			isa = PBXFrameworksBuildPhase;
			buildActionMask = 2147483647;
			files = (
				76A2B190CA4DDAA4E835E8DA /* Pods_SimpleFuturesTests.framework in Frameworks */,
			);
			runOnlyForDeploymentPostprocessing = 0;
		};
/* End PBXFrameworksBuildPhase section */

/* Begin PBXGroup section */
		050D3B401D4535D800334636 /* FutureStream */ = {
			isa = PBXGroup;
			children = (
				05F415C71CFAA87000A72FAA /* StreamCompleteWithTests.swift */,
				05F415CA1CFAA87000A72FAA /* StreamForEachTests.swift */,
				05F415CF1CFAA87000A72FAA /* StreamWithFilter.swift */,
			);
			name = FutureStream;
			sourceTree = "<group>";
		};
		05BF91F61CFCA78B00B78B12 /* Helpers */ = {
			isa = PBXGroup;
			children = (
				05BF91F71CFCA79A00B78B12 /* TestHelper.swift */,
				05BF91F81CFCA79A00B78B12 /* XCTTestCase+SimpleFuturesAssertions.swift */,
			);
			name = Helpers;
			sourceTree = "<group>";
		};
		05F415941CFAA4FC00A72FAA = {
			isa = PBXGroup;
			children = (
				050D3B3A1D411DE800334636 /* SimpleFuturesTests-Bridging-Header.h */,
				05F415ED1CFAAB3A00A72FAA /* Info.plist */,
				05BF91F61CFCA78B00B78B12 /* Helpers */,
				05F4159F1CFAA4FC00A72FAA /* Products */,
				05F415A01CFAA4FC00A72FAA /* SimpleFuturesTests */,
				AFCBC7C1BCD1FAA32BFB2FF5 /* Pods */,
				E3136CB9751DC1C82C38E67C /* Frameworks */,
			);
			sourceTree = "<group>";
		};
		05F4159F1CFAA4FC00A72FAA /* Products */ = {
			isa = PBXGroup;
			children = (
				05F415A81CFAA4FD00A72FAA /* SimpleFuturesTests.xctest */,
			);
			name = Products;
			sourceTree = "<group>";
		};
		05F415A01CFAA4FC00A72FAA /* SimpleFuturesTests */ = {
			isa = PBXGroup;
			children = (
				05B1568A1D57B7B40024AC9A /* FutureTests.swift */,
				05B1568C1D58D6840024AC9A /* FutureSreamTests.swift */,
				050D3B401D4535D800334636 /* FutureStream */,
			);
			path = SimpleFuturesTests;
			sourceTree = "<group>";
		};
		AFCBC7C1BCD1FAA32BFB2FF5 /* Pods */ = {
			isa = PBXGroup;
			children = (
				74E67CA3351B0FA6E62348B2 /* Pods-SimpleFuturesTests.debug.xcconfig */,
				DE4C1BD80C2C2BBF8BD0F746 /* Pods-SimpleFuturesTests.release.xcconfig */,
			);
			name = Pods;
			sourceTree = "<group>";
		};
		E3136CB9751DC1C82C38E67C /* Frameworks */ = {
			isa = PBXGroup;
			children = (
				4DAE7FC762C409C8F47D70C5 /* Pods_SimpleFuturesTests.framework */,
			);
			name = Frameworks;
			sourceTree = "<group>";
		};
/* End PBXGroup section */

/* Begin PBXNativeTarget section */
		05F415A71CFAA4FD00A72FAA /* SimpleFuturesTests */ = {
			isa = PBXNativeTarget;
			buildConfigurationList = 05F415B51CFAA4FD00A72FAA /* Build configuration list for PBXNativeTarget "SimpleFuturesTests" */;
			buildPhases = (
				F15CC505C3F85C33691C9162 /* 📦 Check Pods Manifest.lock */,
				05F415A41CFAA4FD00A72FAA /* Sources */,
				05F415A51CFAA4FD00A72FAA /* Frameworks */,
				05F415A61CFAA4FD00A72FAA /* Resources */,
				FF0F1E73618465D0AE636605 /* 📦 Embed Pods Frameworks */,
				5A9B8F163CBDEACF6E896068 /* 📦 Copy Pods Resources */,
			);
			buildRules = (
			);
			dependencies = (
			);
			name = SimpleFuturesTests;
			productName = SimpleFuturesTestsTests;
			productReference = 05F415A81CFAA4FD00A72FAA /* SimpleFuturesTests.xctest */;
			productType = "com.apple.product-type.bundle.unit-test";
		};
/* End PBXNativeTarget section */

/* Begin PBXProject section */
		05F415951CFAA4FC00A72FAA /* Project object */ = {
			isa = PBXProject;
			attributes = {
				LastSwiftUpdateCheck = 0730;
				LastUpgradeCheck = 0730;
				ORGANIZATIONNAME = "Troy Stribling";
				TargetAttributes = {
					05F415A71CFAA4FD00A72FAA = {
						CreatedOnToolsVersion = 7.3.1;
					};
				};
			};
			buildConfigurationList = 05F415981CFAA4FC00A72FAA /* Build configuration list for PBXProject "SimpleFuturesTests" */;
			compatibilityVersion = "Xcode 3.2";
			developmentRegion = English;
			hasScannedForEncodings = 0;
			knownRegions = (
				en,
			);
			mainGroup = 05F415941CFAA4FC00A72FAA;
			productRefGroup = 05F4159F1CFAA4FC00A72FAA /* Products */;
			projectDirPath = "";
			projectRoot = "";
			targets = (
				05F415A71CFAA4FD00A72FAA /* SimpleFuturesTests */,
			);
		};
/* End PBXProject section */

/* Begin PBXResourcesBuildPhase section */
		05F415A61CFAA4FD00A72FAA /* Resources */ = {
			isa = PBXResourcesBuildPhase;
			buildActionMask = 2147483647;
			files = (
			);
			runOnlyForDeploymentPostprocessing = 0;
		};
/* End PBXResourcesBuildPhase section */

/* Begin PBXShellScriptBuildPhase section */
		5A9B8F163CBDEACF6E896068 /* 📦 Copy Pods Resources */ = {
			isa = PBXShellScriptBuildPhase;
			buildActionMask = 2147483647;
			files = (
			);
			inputPaths = (
			);
			name = "📦 Copy Pods Resources";
			outputPaths = (
			);
			runOnlyForDeploymentPostprocessing = 0;
			shellPath = /bin/sh;
			shellScript = "\"${SRCROOT}/Pods/Target Support Files/Pods-SimpleFuturesTests/Pods-SimpleFuturesTests-resources.sh\"\n";
			showEnvVarsInLog = 0;
		};
		F15CC505C3F85C33691C9162 /* 📦 Check Pods Manifest.lock */ = {
			isa = PBXShellScriptBuildPhase;
			buildActionMask = 2147483647;
			files = (
			);
			inputPaths = (
			);
			name = "📦 Check Pods Manifest.lock";
			outputPaths = (
			);
			runOnlyForDeploymentPostprocessing = 0;
			shellPath = /bin/sh;
			shellScript = "diff \"${PODS_ROOT}/../Podfile.lock\" \"${PODS_ROOT}/Manifest.lock\" > /dev/null\nif [[ $? != 0 ]] ; then\n    cat << EOM\nerror: The sandbox is not in sync with the Podfile.lock. Run 'pod install' or update your CocoaPods installation.\nEOM\n    exit 1\nfi\n";
			showEnvVarsInLog = 0;
		};
		FF0F1E73618465D0AE636605 /* 📦 Embed Pods Frameworks */ = {
			isa = PBXShellScriptBuildPhase;
			buildActionMask = 2147483647;
			files = (
			);
			inputPaths = (
			);
			name = "📦 Embed Pods Frameworks";
			outputPaths = (
			);
			runOnlyForDeploymentPostprocessing = 0;
			shellPath = /bin/sh;
			shellScript = "\"${SRCROOT}/Pods/Target Support Files/Pods-SimpleFuturesTests/Pods-SimpleFuturesTests-frameworks.sh\"\n";
			showEnvVarsInLog = 0;
		};
/* End PBXShellScriptBuildPhase section */

/* Begin PBXSourcesBuildPhase section */
		05F415A41CFAA4FD00A72FAA /* Sources */ = {
			isa = PBXSourcesBuildPhase;
			buildActionMask = 2147483647;
			files = (
				05F415E91CFAA87000A72FAA /* StreamWithFilter.swift in Sources */,
				05BF91F91CFCA79A00B78B12 /* TestHelper.swift in Sources */,
				05B1568B1D57B7B40024AC9A /* FutureTests.swift in Sources */,
				05F415E41CFAA87000A72FAA /* StreamForEachTests.swift in Sources */,
				05B1568D1D58D6840024AC9A /* FutureSreamTests.swift in Sources */,
				05BF91FA1CFCA79A00B78B12 /* XCTTestCase+SimpleFuturesAssertions.swift in Sources */,
				05F415E11CFAA87000A72FAA /* StreamCompleteWithTests.swift in Sources */,
			);
			runOnlyForDeploymentPostprocessing = 0;
		};
/* End PBXSourcesBuildPhase section */

/* Begin XCBuildConfiguration section */
		05F415B01CFAA4FD00A72FAA /* Debug */ = {
			isa = XCBuildConfiguration;
			buildSettings = {
				ALWAYS_SEARCH_USER_PATHS = NO;
				CLANG_ANALYZER_NONNULL = YES;
				CLANG_CXX_LANGUAGE_STANDARD = "gnu++0x";
				CLANG_CXX_LIBRARY = "libc++";
				CLANG_ENABLE_MODULES = YES;
				CLANG_ENABLE_OBJC_ARC = YES;
				CLANG_WARN_BOOL_CONVERSION = YES;
				CLANG_WARN_CONSTANT_CONVERSION = YES;
				CLANG_WARN_DIRECT_OBJC_ISA_USAGE = YES_ERROR;
				CLANG_WARN_EMPTY_BODY = YES;
				CLANG_WARN_ENUM_CONVERSION = YES;
				CLANG_WARN_INT_CONVERSION = YES;
				CLANG_WARN_OBJC_ROOT_CLASS = YES_ERROR;
				CLANG_WARN_UNREACHABLE_CODE = YES;
				CLANG_WARN__DUPLICATE_METHOD_MATCH = YES;
				"CODE_SIGN_IDENTITY[sdk=iphoneos*]" = "iPhone Developer";
				COPY_PHASE_STRIP = NO;
				CURRENT_PROJECT_VERSION = 1;
				DEBUG_INFORMATION_FORMAT = dwarf;
				ENABLE_STRICT_OBJC_MSGSEND = YES;
				ENABLE_TESTABILITY = YES;
				GCC_C_LANGUAGE_STANDARD = gnu99;
				GCC_DYNAMIC_NO_PIC = NO;
				GCC_NO_COMMON_BLOCKS = YES;
				GCC_OPTIMIZATION_LEVEL = 0;
				GCC_PREPROCESSOR_DEFINITIONS = (
					"DEBUG=1",
					"$(inherited)",
				);
				GCC_WARN_64_TO_32_BIT_CONVERSION = YES;
				GCC_WARN_ABOUT_RETURN_TYPE = YES_ERROR;
				GCC_WARN_UNDECLARED_SELECTOR = YES;
				GCC_WARN_UNINITIALIZED_AUTOS = YES_AGGRESSIVE;
				GCC_WARN_UNUSED_FUNCTION = YES;
				GCC_WARN_UNUSED_VARIABLE = YES;
				IPHONEOS_DEPLOYMENT_TARGET = 9.3;
				MTL_ENABLE_DEBUG_INFO = YES;
				ONLY_ACTIVE_ARCH = YES;
				SDKROOT = iphoneos;
				SWIFT_OBJC_BRIDGING_HEADER = "SimpleFuturesTests-Bridging-Header.h";
				SWIFT_OPTIMIZATION_LEVEL = "-Onone";
				TARGETED_DEVICE_FAMILY = "1,2";
				VERSIONING_SYSTEM = "apple-generic";
				VERSION_INFO_PREFIX = "";
			};
			name = Debug;
		};
		05F415B11CFAA4FD00A72FAA /* Release */ = {
			isa = XCBuildConfiguration;
			buildSettings = {
				ALWAYS_SEARCH_USER_PATHS = NO;
				CLANG_ANALYZER_NONNULL = YES;
				CLANG_CXX_LANGUAGE_STANDARD = "gnu++0x";
				CLANG_CXX_LIBRARY = "libc++";
				CLANG_ENABLE_MODULES = YES;
				CLANG_ENABLE_OBJC_ARC = YES;
				CLANG_WARN_BOOL_CONVERSION = YES;
				CLANG_WARN_CONSTANT_CONVERSION = YES;
				CLANG_WARN_DIRECT_OBJC_ISA_USAGE = YES_ERROR;
				CLANG_WARN_EMPTY_BODY = YES;
				CLANG_WARN_ENUM_CONVERSION = YES;
				CLANG_WARN_INT_CONVERSION = YES;
				CLANG_WARN_OBJC_ROOT_CLASS = YES_ERROR;
				CLANG_WARN_UNREACHABLE_CODE = YES;
				CLANG_WARN__DUPLICATE_METHOD_MATCH = YES;
				"CODE_SIGN_IDENTITY[sdk=iphoneos*]" = "iPhone Developer";
				COPY_PHASE_STRIP = NO;
				CURRENT_PROJECT_VERSION = 1;
				DEBUG_INFORMATION_FORMAT = "dwarf-with-dsym";
				ENABLE_NS_ASSERTIONS = NO;
				ENABLE_STRICT_OBJC_MSGSEND = YES;
				GCC_C_LANGUAGE_STANDARD = gnu99;
				GCC_NO_COMMON_BLOCKS = YES;
				GCC_WARN_64_TO_32_BIT_CONVERSION = YES;
				GCC_WARN_ABOUT_RETURN_TYPE = YES_ERROR;
				GCC_WARN_UNDECLARED_SELECTOR = YES;
				GCC_WARN_UNINITIALIZED_AUTOS = YES_AGGRESSIVE;
				GCC_WARN_UNUSED_FUNCTION = YES;
				GCC_WARN_UNUSED_VARIABLE = YES;
				IPHONEOS_DEPLOYMENT_TARGET = 9.3;
				MTL_ENABLE_DEBUG_INFO = NO;
				SDKROOT = iphoneos;
				SWIFT_OBJC_BRIDGING_HEADER = "SimpleFuturesTests-Bridging-Header.h";
				TARGETED_DEVICE_FAMILY = "1,2";
				VALIDATE_PRODUCT = YES;
				VERSIONING_SYSTEM = "apple-generic";
				VERSION_INFO_PREFIX = "";
			};
			name = Release;
		};
		05F415B61CFAA4FD00A72FAA /* Debug */ = {
			isa = XCBuildConfiguration;
			baseConfigurationReference = 74E67CA3351B0FA6E62348B2 /* Pods-SimpleFuturesTests.debug.xcconfig */;
			buildSettings = {
				CLANG_ENABLE_MODULES = YES;
				INFOPLIST_FILE = Info.plist;
				LD_RUNPATH_SEARCH_PATHS = "$(inherited) @executable_path/Frameworks @loader_path/Frameworks";
				PRODUCT_BUNDLE_IDENTIFIER = gnos.us.SimpleFuturesTestsTests;
				PRODUCT_NAME = "$(TARGET_NAME)";
				SWIFT_OPTIMIZATION_LEVEL = "-Onone";
			};
			name = Debug;
		};
		05F415B71CFAA4FD00A72FAA /* Release */ = {
			isa = XCBuildConfiguration;
			baseConfigurationReference = DE4C1BD80C2C2BBF8BD0F746 /* Pods-SimpleFuturesTests.release.xcconfig */;
			buildSettings = {
				CLANG_ENABLE_MODULES = YES;
				INFOPLIST_FILE = Info.plist;
				LD_RUNPATH_SEARCH_PATHS = "$(inherited) @executable_path/Frameworks @loader_path/Frameworks";
				PRODUCT_BUNDLE_IDENTIFIER = gnos.us.SimpleFuturesTestsTests;
				PRODUCT_NAME = "$(TARGET_NAME)";
			};
			name = Release;
		};
/* End XCBuildConfiguration section */

/* Begin XCConfigurationList section */
		05F415981CFAA4FC00A72FAA /* Build configuration list for PBXProject "SimpleFuturesTests" */ = {
			isa = XCConfigurationList;
			buildConfigurations = (
				05F415B01CFAA4FD00A72FAA /* Debug */,
				05F415B11CFAA4FD00A72FAA /* Release */,
			);
			defaultConfigurationIsVisible = 0;
			defaultConfigurationName = Release;
		};
		05F415B51CFAA4FD00A72FAA /* Build configuration list for PBXNativeTarget "SimpleFuturesTests" */ = {
			isa = XCConfigurationList;
			buildConfigurations = (
				05F415B61CFAA4FD00A72FAA /* Debug */,
				05F415B71CFAA4FD00A72FAA /* Release */,
			);
			defaultConfigurationIsVisible = 0;
			defaultConfigurationName = Release;
		};
/* End XCConfigurationList section */
	};
	rootObject = 05F415951CFAA4FC00A72FAA /* Project object */;
}
