// !$*UTF8*$!
{
	archiveVersion = 1;
	classes = {
	};
	objectVersion = 46;
	objects = {

/* Begin PBXBuildFile section */
		0547D1EF1A45E72B005DCD53 /* StreamSuccessTests.swift in Sources */ = {isa = PBXBuildFile; fileRef = 0547D1EE1A45E72B005DCD53 /* StreamSuccessTests.swift */; };
		054BF5251A4DF59C00ECE6B3 /* StreamCompleteWithTests.swift in Sources */ = {isa = PBXBuildFile; fileRef = 054BF5241A4DF59C00ECE6B3 /* StreamCompleteWithTests.swift */; };
		055F8D761A45EF000094271A /* FutureRecoverWithTests.swift in Sources */ = {isa = PBXBuildFile; fileRef = 055F8D751A45EF000094271A /* FutureRecoverWithTests.swift */; };
		055F8D781A45F5090094271A /* FutureConstructTests.swift in Sources */ = {isa = PBXBuildFile; fileRef = 055F8D771A45F5090094271A /* FutureConstructTests.swift */; };
		055F8D7E1A45FD520094271A /* FutureFailureTests.swift in Sources */ = {isa = PBXBuildFile; fileRef = 055F8D7D1A45FD520094271A /* FutureFailureTests.swift */; };
		055F8D801A45FD910094271A /* FutureMapTests.swift in Sources */ = {isa = PBXBuildFile; fileRef = 055F8D7F1A45FD910094271A /* FutureMapTests.swift */; };
		055F8D821A45FDD60094271A /* FutureFlatmapTests.swift in Sources */ = {isa = PBXBuildFile; fileRef = 055F8D811A45FDD60094271A /* FutureFlatmapTests.swift */; };
		055F8D841A45FE100094271A /* FutureAndThenTests.swift in Sources */ = {isa = PBXBuildFile; fileRef = 055F8D831A45FE100094271A /* FutureAndThenTests.swift */; };
		055F8D861A45FE3D0094271A /* FutureRecoverTests.swift in Sources */ = {isa = PBXBuildFile; fileRef = 055F8D851A45FE3D0094271A /* FutureRecoverTests.swift */; };
		055F8D8A1A45FEB30094271A /* StreamFailureTests.swift in Sources */ = {isa = PBXBuildFile; fileRef = 055F8D891A45FEB30094271A /* StreamFailureTests.swift */; };
		055F8D8C1A45FF110094271A /* TestHelper.swift in Sources */ = {isa = PBXBuildFile; fileRef = 055F8D8B1A45FF110094271A /* TestHelper.swift */; };
		055F8D8E1A4603570094271A /* StreamMapTests.swift in Sources */ = {isa = PBXBuildFile; fileRef = 055F8D8D1A4603570094271A /* StreamMapTests.swift */; };
		055F8D901A4603750094271A /* StreamFlatmapTests.swift in Sources */ = {isa = PBXBuildFile; fileRef = 055F8D8F1A4603750094271A /* StreamFlatmapTests.swift */; };
		055F8D921A460E220094271A /* StreamAndThenTests.swift in Sources */ = {isa = PBXBuildFile; fileRef = 055F8D911A460E220094271A /* StreamAndThenTests.swift */; };
		057C3E8A1A3E2379005147CD /* SimpleFutures.h in Headers */ = {isa = PBXBuildFile; fileRef = 057C3E891A3E2379005147CD /* SimpleFutures.h */; settings = {ATTRIBUTES = (Public, ); }; };
		057C3E901A3E2379005147CD /* SimpleFutures.framework in Frameworks */ = {isa = PBXBuildFile; fileRef = 057C3E841A3E2379005147CD /* SimpleFutures.framework */; };
		057C3E971A3E2379005147CD /* FutureSuccessTests.swift in Sources */ = {isa = PBXBuildFile; fileRef = 057C3E961A3E2379005147CD /* FutureSuccessTests.swift */; };
		057C3EA31A3E2424005147CD /* ExecutionContext.swift in Sources */ = {isa = PBXBuildFile; fileRef = 057C3EA01A3E2424005147CD /* ExecutionContext.swift */; };
		057C3EA41A3E2424005147CD /* Future.swift in Sources */ = {isa = PBXBuildFile; fileRef = 057C3EA11A3E2424005147CD /* Future.swift */; };
		057C3EA51A3E2424005147CD /* FutureStream.swift in Sources */ = {isa = PBXBuildFile; fileRef = 057C3EA21A3E2424005147CD /* FutureStream.swift */; };
		05DF1DD01A49C87100AC9925 /* FutureWithFilterTests.swift in Sources */ = {isa = PBXBuildFile; fileRef = 05DF1DCF1A49C87100AC9925 /* FutureWithFilterTests.swift */; };
		05DF1DD21A4A633500AC9925 /* StreamWithFilter.swift in Sources */ = {isa = PBXBuildFile; fileRef = 05DF1DD11A4A633500AC9925 /* StreamWithFilter.swift */; };
		05DF1DD41A4CC6B300AC9925 /* FutureCompleteWithTests.swift in Sources */ = {isa = PBXBuildFile; fileRef = 05DF1DD31A4CC6B300AC9925 /* FutureCompleteWithTests.swift */; };
		05F2718C1A491F4C001DEAE9 /* Box.swift in Sources */ = {isa = PBXBuildFile; fileRef = 05F271891A491F4C001DEAE9 /* Box.swift */; };
		05F2718D1A491F4C001DEAE9 /* Optional.swift in Sources */ = {isa = PBXBuildFile; fileRef = 05F2718A1A491F4C001DEAE9 /* Optional.swift */; };
		05F2718E1A491F4C001DEAE9 /* Try.swift in Sources */ = {isa = PBXBuildFile; fileRef = 05F2718B1A491F4C001DEAE9 /* Try.swift */; };
/* End PBXBuildFile section */

/* Begin PBXContainerItemProxy section */
		057C3E911A3E2379005147CD /* PBXContainerItemProxy */ = {
			isa = PBXContainerItemProxy;
			containerPortal = 057C3E7B1A3E2378005147CD /* Project object */;
			proxyType = 1;
			remoteGlobalIDString = 057C3E831A3E2379005147CD;
			remoteInfo = SimpleFutures;
		};
/* End PBXContainerItemProxy section */

/* Begin PBXFileReference section */
		0547D1EE1A45E72B005DCD53 /* StreamSuccessTests.swift */ = {isa = PBXFileReference; fileEncoding = 4; lastKnownFileType = sourcecode.swift; path = StreamSuccessTests.swift; sourceTree = "<group>"; };
		054BF5241A4DF59C00ECE6B3 /* StreamCompleteWithTests.swift */ = {isa = PBXFileReference; fileEncoding = 4; lastKnownFileType = sourcecode.swift; path = StreamCompleteWithTests.swift; sourceTree = "<group>"; };
		055F8D751A45EF000094271A /* FutureRecoverWithTests.swift */ = {isa = PBXFileReference; fileEncoding = 4; lastKnownFileType = sourcecode.swift; path = FutureRecoverWithTests.swift; sourceTree = "<group>"; };
		055F8D771A45F5090094271A /* FutureConstructTests.swift */ = {isa = PBXFileReference; fileEncoding = 4; lastKnownFileType = sourcecode.swift; path = FutureConstructTests.swift; sourceTree = "<group>"; };
		055F8D7D1A45FD520094271A /* FutureFailureTests.swift */ = {isa = PBXFileReference; fileEncoding = 4; lastKnownFileType = sourcecode.swift; path = FutureFailureTests.swift; sourceTree = "<group>"; };
		055F8D7F1A45FD910094271A /* FutureMapTests.swift */ = {isa = PBXFileReference; fileEncoding = 4; lastKnownFileType = sourcecode.swift; path = FutureMapTests.swift; sourceTree = "<group>"; };
		055F8D811A45FDD60094271A /* FutureFlatmapTests.swift */ = {isa = PBXFileReference; fileEncoding = 4; lastKnownFileType = sourcecode.swift; path = FutureFlatmapTests.swift; sourceTree = "<group>"; };
		055F8D831A45FE100094271A /* FutureAndThenTests.swift */ = {isa = PBXFileReference; fileEncoding = 4; lastKnownFileType = sourcecode.swift; path = FutureAndThenTests.swift; sourceTree = "<group>"; };
		055F8D851A45FE3D0094271A /* FutureRecoverTests.swift */ = {isa = PBXFileReference; fileEncoding = 4; lastKnownFileType = sourcecode.swift; path = FutureRecoverTests.swift; sourceTree = "<group>"; };
		055F8D891A45FEB30094271A /* StreamFailureTests.swift */ = {isa = PBXFileReference; fileEncoding = 4; lastKnownFileType = sourcecode.swift; path = StreamFailureTests.swift; sourceTree = "<group>"; };
		055F8D8B1A45FF110094271A /* TestHelper.swift */ = {isa = PBXFileReference; fileEncoding = 4; lastKnownFileType = sourcecode.swift; path = TestHelper.swift; sourceTree = "<group>"; };
		055F8D8D1A4603570094271A /* StreamMapTests.swift */ = {isa = PBXFileReference; fileEncoding = 4; lastKnownFileType = sourcecode.swift; path = StreamMapTests.swift; sourceTree = "<group>"; };
		055F8D8F1A4603750094271A /* StreamFlatmapTests.swift */ = {isa = PBXFileReference; fileEncoding = 4; lastKnownFileType = sourcecode.swift; path = StreamFlatmapTests.swift; sourceTree = "<group>"; };
		055F8D911A460E220094271A /* StreamAndThenTests.swift */ = {isa = PBXFileReference; fileEncoding = 4; lastKnownFileType = sourcecode.swift; path = StreamAndThenTests.swift; sourceTree = "<group>"; };
		057C3E841A3E2379005147CD /* SimpleFutures.framework */ = {isa = PBXFileReference; explicitFileType = wrapper.framework; includeInIndex = 0; path = SimpleFutures.framework; sourceTree = BUILT_PRODUCTS_DIR; };
		057C3E881A3E2379005147CD /* Info.plist */ = {isa = PBXFileReference; lastKnownFileType = text.plist.xml; path = Info.plist; sourceTree = "<group>"; };
		057C3E891A3E2379005147CD /* SimpleFutures.h */ = {isa = PBXFileReference; lastKnownFileType = sourcecode.c.h; path = SimpleFutures.h; sourceTree = "<group>"; };
		057C3E8F1A3E2379005147CD /* SimpleFuturesTests.xctest */ = {isa = PBXFileReference; explicitFileType = wrapper.cfbundle; includeInIndex = 0; path = SimpleFuturesTests.xctest; sourceTree = BUILT_PRODUCTS_DIR; };
		057C3E951A3E2379005147CD /* Info.plist */ = {isa = PBXFileReference; lastKnownFileType = text.plist.xml; path = Info.plist; sourceTree = "<group>"; };
		057C3E961A3E2379005147CD /* FutureSuccessTests.swift */ = {isa = PBXFileReference; lastKnownFileType = sourcecode.swift; path = FutureSuccessTests.swift; sourceTree = "<group>"; };
		057C3EA01A3E2424005147CD /* ExecutionContext.swift */ = {isa = PBXFileReference; fileEncoding = 4; lastKnownFileType = sourcecode.swift; path = ExecutionContext.swift; sourceTree = "<group>"; };
		057C3EA11A3E2424005147CD /* Future.swift */ = {isa = PBXFileReference; fileEncoding = 4; lastKnownFileType = sourcecode.swift; path = Future.swift; sourceTree = "<group>"; };
		057C3EA21A3E2424005147CD /* FutureStream.swift */ = {isa = PBXFileReference; fileEncoding = 4; lastKnownFileType = sourcecode.swift; path = FutureStream.swift; sourceTree = "<group>"; };
		057C3EA81A3E665A005147CD /* SimpleFutures.playground */ = {isa = PBXFileReference; lastKnownFileType = file.playground; path = SimpleFutures.playground; sourceTree = "<group>"; };
		05DF1DCF1A49C87100AC9925 /* FutureWithFilterTests.swift */ = {isa = PBXFileReference; fileEncoding = 4; lastKnownFileType = sourcecode.swift; path = FutureWithFilterTests.swift; sourceTree = "<group>"; };
		05DF1DD11A4A633500AC9925 /* StreamWithFilter.swift */ = {isa = PBXFileReference; fileEncoding = 4; lastKnownFileType = sourcecode.swift; path = StreamWithFilter.swift; sourceTree = "<group>"; };
		05DF1DD31A4CC6B300AC9925 /* FutureCompleteWithTests.swift */ = {isa = PBXFileReference; fileEncoding = 4; lastKnownFileType = sourcecode.swift; path = FutureCompleteWithTests.swift; sourceTree = "<group>"; };
		05F271891A491F4C001DEAE9 /* Box.swift */ = {isa = PBXFileReference; fileEncoding = 4; lastKnownFileType = sourcecode.swift; path = Box.swift; sourceTree = "<group>"; };
		05F2718A1A491F4C001DEAE9 /* Optional.swift */ = {isa = PBXFileReference; fileEncoding = 4; lastKnownFileType = sourcecode.swift; path = Optional.swift; sourceTree = "<group>"; };
		05F2718B1A491F4C001DEAE9 /* Try.swift */ = {isa = PBXFileReference; fileEncoding = 4; lastKnownFileType = sourcecode.swift; path = Try.swift; sourceTree = "<group>"; };
/* End PBXFileReference section */

/* Begin PBXFrameworksBuildPhase section */
		057C3E801A3E2379005147CD /* Frameworks */ = {
			isa = PBXFrameworksBuildPhase;
			buildActionMask = 2147483647;
			files = (
			);
			runOnlyForDeploymentPostprocessing = 0;
		};
		057C3E8C1A3E2379005147CD /* Frameworks */ = {
			isa = PBXFrameworksBuildPhase;
			buildActionMask = 2147483647;
			files = (
				057C3E901A3E2379005147CD /* SimpleFutures.framework in Frameworks */,
			);
			runOnlyForDeploymentPostprocessing = 0;
		};
/* End PBXFrameworksBuildPhase section */

/* Begin PBXGroup section */
		055F8D871A45FE690094271A /* FutureTests */ = {
			isa = PBXGroup;
			children = (
				055F8D831A45FE100094271A /* FutureAndThenTests.swift */,
				05DF1DD31A4CC6B300AC9925 /* FutureCompleteWithTests.swift */,
				055F8D771A45F5090094271A /* FutureConstructTests.swift */,
				055F8D7D1A45FD520094271A /* FutureFailureTests.swift */,
				055F8D811A45FDD60094271A /* FutureFlatmapTests.swift */,
				055F8D7F1A45FD910094271A /* FutureMapTests.swift */,
				055F8D851A45FE3D0094271A /* FutureRecoverTests.swift */,
				055F8D751A45EF000094271A /* FutureRecoverWithTests.swift */,
				057C3E961A3E2379005147CD /* FutureSuccessTests.swift */,
				05DF1DCF1A49C87100AC9925 /* FutureWithFilterTests.swift */,
			);
			name = FutureTests;
			sourceTree = "<group>";
		};
		055F8D881A45FE850094271A /* FutureStream */ = {
			isa = PBXGroup;
			children = (
				055F8D911A460E220094271A /* StreamAndThenTests.swift */,
				054BF5241A4DF59C00ECE6B3 /* StreamCompleteWithTests.swift */,
				055F8D891A45FEB30094271A /* StreamFailureTests.swift */,
				055F8D8F1A4603750094271A /* StreamFlatmapTests.swift */,
				055F8D8D1A4603570094271A /* StreamMapTests.swift */,
				0547D1EE1A45E72B005DCD53 /* StreamSuccessTests.swift */,
				05DF1DD11A4A633500AC9925 /* StreamWithFilter.swift */,
			);
			name = FutureStream;
			sourceTree = "<group>";
		};
		057C3E7A1A3E2378005147CD = {
			isa = PBXGroup;
			children = (
				057C3E861A3E2379005147CD /* SimpleFutures */,
				057C3E931A3E2379005147CD /* SimpleFuturesTests */,
				057C3E851A3E2379005147CD /* Products */,
			);
			sourceTree = "<group>";
		};
		057C3E851A3E2379005147CD /* Products */ = {
			isa = PBXGroup;
			children = (
				057C3E841A3E2379005147CD /* SimpleFutures.framework */,
				057C3E8F1A3E2379005147CD /* SimpleFuturesTests.xctest */,
			);
			name = Products;
			sourceTree = "<group>";
		};
		057C3E861A3E2379005147CD /* SimpleFutures */ = {
			isa = PBXGroup;
			children = (
				057C3E891A3E2379005147CD /* SimpleFutures.h */,
				057C3EA81A3E665A005147CD /* SimpleFutures.playground */,
				057C3EA01A3E2424005147CD /* ExecutionContext.swift */,
				057C3EA11A3E2424005147CD /* Future.swift */,
				057C3EA21A3E2424005147CD /* FutureStream.swift */,
				05F271871A491F4C001DEAE9 /* External */,
				057C3E871A3E2379005147CD /* Supporting Files */,
			);
			path = SimpleFutures;
			sourceTree = "<group>";
		};
		057C3E871A3E2379005147CD /* Supporting Files */ = {
			isa = PBXGroup;
			children = (
				057C3E881A3E2379005147CD /* Info.plist */,
			);
			name = "Supporting Files";
			sourceTree = "<group>";
		};
		057C3E931A3E2379005147CD /* SimpleFuturesTests */ = {
			isa = PBXGroup;
			children = (
				055F8D881A45FE850094271A /* FutureStream */,
				055F8D871A45FE690094271A /* FutureTests */,
				057C3E941A3E2379005147CD /* Supporting Files */,
				055F8D8B1A45FF110094271A /* TestHelper.swift */,
			);
			path = SimpleFuturesTests;
			sourceTree = "<group>";
		};
		057C3E941A3E2379005147CD /* Supporting Files */ = {
			isa = PBXGroup;
			children = (
				057C3E951A3E2379005147CD /* Info.plist */,
			);
			name = "Supporting Files";
			sourceTree = "<group>";
		};
		05F271871A491F4C001DEAE9 /* External */ = {
			isa = PBXGroup;
			children = (
				05F271881A491F4C001DEAE9 /* Wrappers */,
			);
			path = External;
			sourceTree = SOURCE_ROOT;
		};
		05F271881A491F4C001DEAE9 /* Wrappers */ = {
			isa = PBXGroup;
			children = (
				05F271891A491F4C001DEAE9 /* Box.swift */,
				05F2718A1A491F4C001DEAE9 /* Optional.swift */,
				05F2718B1A491F4C001DEAE9 /* Try.swift */,
			);
			path = Wrappers;
			sourceTree = "<group>";
		};
/* End PBXGroup section */

/* Begin PBXHeadersBuildPhase section */
		057C3E811A3E2379005147CD /* Headers */ = {
			isa = PBXHeadersBuildPhase;
			buildActionMask = 2147483647;
			files = (
				057C3E8A1A3E2379005147CD /* SimpleFutures.h in Headers */,
			);
			runOnlyForDeploymentPostprocessing = 0;
		};
/* End PBXHeadersBuildPhase section */

/* Begin PBXNativeTarget section */
		057C3E831A3E2379005147CD /* SimpleFutures */ = {
			isa = PBXNativeTarget;
			buildConfigurationList = 057C3E9A1A3E2379005147CD /* Build configuration list for PBXNativeTarget "SimpleFutures" */;
			buildPhases = (
				057C3E7F1A3E2379005147CD /* Sources */,
				057C3E801A3E2379005147CD /* Frameworks */,
				057C3E811A3E2379005147CD /* Headers */,
				057C3E821A3E2379005147CD /* Resources */,
			);
			buildRules = (
			);
			dependencies = (
			);
			name = SimpleFutures;
			productName = SimpleFutures;
			productReference = 057C3E841A3E2379005147CD /* SimpleFutures.framework */;
			productType = "com.apple.product-type.framework";
		};
		057C3E8E1A3E2379005147CD /* SimpleFuturesTests */ = {
			isa = PBXNativeTarget;
			buildConfigurationList = 057C3E9D1A3E2379005147CD /* Build configuration list for PBXNativeTarget "SimpleFuturesTests" */;
			buildPhases = (
				057C3E8B1A3E2379005147CD /* Sources */,
				057C3E8C1A3E2379005147CD /* Frameworks */,
				057C3E8D1A3E2379005147CD /* Resources */,
			);
			buildRules = (
			);
			dependencies = (
				057C3E921A3E2379005147CD /* PBXTargetDependency */,
			);
			name = SimpleFuturesTests;
			productName = SimpleFuturesTests;
			productReference = 057C3E8F1A3E2379005147CD /* SimpleFuturesTests.xctest */;
			productType = "com.apple.product-type.bundle.unit-test";
		};
/* End PBXNativeTarget section */

/* Begin PBXProject section */
		057C3E7B1A3E2378005147CD /* Project object */ = {
			isa = PBXProject;
			attributes = {
				LastUpgradeCheck = 0610;
				ORGANIZATIONNAME = gnos.us;
				TargetAttributes = {
					057C3E831A3E2379005147CD = {
						CreatedOnToolsVersion = 6.1.1;
					};
					057C3E8E1A3E2379005147CD = {
						CreatedOnToolsVersion = 6.1.1;
					};
				};
			};
			buildConfigurationList = 057C3E7E1A3E2379005147CD /* Build configuration list for PBXProject "SimpleFutures" */;
			compatibilityVersion = "Xcode 3.2";
			developmentRegion = English;
			hasScannedForEncodings = 0;
			knownRegions = (
				en,
			);
			mainGroup = 057C3E7A1A3E2378005147CD;
			productRefGroup = 057C3E851A3E2379005147CD /* Products */;
			projectDirPath = "";
			projectRoot = "";
			targets = (
				057C3E831A3E2379005147CD /* SimpleFutures */,
				057C3E8E1A3E2379005147CD /* SimpleFuturesTests */,
			);
		};
/* End PBXProject section */

/* Begin PBXResourcesBuildPhase section */
		057C3E821A3E2379005147CD /* Resources */ = {
			isa = PBXResourcesBuildPhase;
			buildActionMask = 2147483647;
			files = (
			);
			runOnlyForDeploymentPostprocessing = 0;
		};
		057C3E8D1A3E2379005147CD /* Resources */ = {
			isa = PBXResourcesBuildPhase;
			buildActionMask = 2147483647;
			files = (
			);
			runOnlyForDeploymentPostprocessing = 0;
		};
/* End PBXResourcesBuildPhase section */

/* Begin PBXSourcesBuildPhase section */
		057C3E7F1A3E2379005147CD /* Sources */ = {
			isa = PBXSourcesBuildPhase;
			buildActionMask = 2147483647;
			files = (
				057C3EA41A3E2424005147CD /* Future.swift in Sources */,
				05F2718D1A491F4C001DEAE9 /* Optional.swift in Sources */,
				05F2718C1A491F4C001DEAE9 /* Box.swift in Sources */,
				05F2718E1A491F4C001DEAE9 /* Try.swift in Sources */,
				057C3EA31A3E2424005147CD /* ExecutionContext.swift in Sources */,
				057C3EA51A3E2424005147CD /* FutureStream.swift in Sources */,
			);
			runOnlyForDeploymentPostprocessing = 0;
		};
		057C3E8B1A3E2379005147CD /* Sources */ = {
			isa = PBXSourcesBuildPhase;
			buildActionMask = 2147483647;
			files = (
				05DF1DD21A4A633500AC9925 /* StreamWithFilter.swift in Sources */,
				055F8D781A45F5090094271A /* FutureConstructTests.swift in Sources */,
				055F8D8E1A4603570094271A /* StreamMapTests.swift in Sources */,
				055F8D861A45FE3D0094271A /* FutureRecoverTests.swift in Sources */,
				054BF5251A4DF59C00ECE6B3 /* StreamCompleteWithTests.swift in Sources */,
				055F8D841A45FE100094271A /* FutureAndThenTests.swift in Sources */,
				055F8D921A460E220094271A /* StreamAndThenTests.swift in Sources */,
				05DF1DD01A49C87100AC9925 /* FutureWithFilterTests.swift in Sources */,
				0547D1EF1A45E72B005DCD53 /* StreamSuccessTests.swift in Sources */,
				057C3E971A3E2379005147CD /* FutureSuccessTests.swift in Sources */,
				05DF1DD41A4CC6B300AC9925 /* FutureCompleteWithTests.swift in Sources */,
				055F8D801A45FD910094271A /* FutureMapTests.swift in Sources */,
				055F8D901A4603750094271A /* StreamFlatmapTests.swift in Sources */,
				055F8D761A45EF000094271A /* FutureRecoverWithTests.swift in Sources */,
				055F8D7E1A45FD520094271A /* FutureFailureTests.swift in Sources */,
				055F8D821A45FDD60094271A /* FutureFlatmapTests.swift in Sources */,
				055F8D8A1A45FEB30094271A /* StreamFailureTests.swift in Sources */,
				055F8D8C1A45FF110094271A /* TestHelper.swift in Sources */,
			);
			runOnlyForDeploymentPostprocessing = 0;
		};
/* End PBXSourcesBuildPhase section */

/* Begin PBXTargetDependency section */
		057C3E921A3E2379005147CD /* PBXTargetDependency */ = {
			isa = PBXTargetDependency;
			target = 057C3E831A3E2379005147CD /* SimpleFutures */;
			targetProxy = 057C3E911A3E2379005147CD /* PBXContainerItemProxy */;
		};
/* End PBXTargetDependency section */

/* Begin XCBuildConfiguration section */
		057C3E981A3E2379005147CD /* Debug */ = {
			isa = XCBuildConfiguration;
			buildSettings = {
				ALWAYS_SEARCH_USER_PATHS = NO;
				CLANG_CXX_LANGUAGE_STANDARD = "gnu++0x";
				CLANG_CXX_LIBRARY = "libc++";
				CLANG_ENABLE_MODULES = YES;
				CLANG_ENABLE_OBJC_ARC = YES;
				CLANG_WARN_BOOL_CONVERSION = YES;
				CLANG_WARN_CONSTANT_CONVERSION = YES;
				CLANG_WARN_DIRECT_OBJC_ISA_USAGE = YES_ERROR;
				CLANG_WARN_EMPTY_BODY = YES;
				CLANG_WARN_ENUM_CONVERSION = YES;
				CLANG_WARN_INT_CONVERSION = YES;
				CLANG_WARN_OBJC_ROOT_CLASS = YES_ERROR;
				CLANG_WARN_UNREACHABLE_CODE = YES;
				CLANG_WARN__DUPLICATE_METHOD_MATCH = YES;
				"CODE_SIGN_IDENTITY[sdk=iphoneos*]" = "iPhone Developer";
				COPY_PHASE_STRIP = NO;
				CURRENT_PROJECT_VERSION = 1;
				ENABLE_STRICT_OBJC_MSGSEND = YES;
				GCC_C_LANGUAGE_STANDARD = gnu99;
				GCC_DYNAMIC_NO_PIC = NO;
				GCC_OPTIMIZATION_LEVEL = 0;
				GCC_PREPROCESSOR_DEFINITIONS = (
					"DEBUG=1",
					"$(inherited)",
				);
				GCC_SYMBOLS_PRIVATE_EXTERN = NO;
				GCC_WARN_64_TO_32_BIT_CONVERSION = YES;
				GCC_WARN_ABOUT_RETURN_TYPE = YES_ERROR;
				GCC_WARN_UNDECLARED_SELECTOR = YES;
				GCC_WARN_UNINITIALIZED_AUTOS = YES_AGGRESSIVE;
				GCC_WARN_UNUSED_FUNCTION = YES;
				GCC_WARN_UNUSED_VARIABLE = YES;
				IPHONEOS_DEPLOYMENT_TARGET = 8.1;
				MTL_ENABLE_DEBUG_INFO = YES;
				ONLY_ACTIVE_ARCH = YES;
				SDKROOT = iphoneos;
				SWIFT_OPTIMIZATION_LEVEL = "-Onone";
				TARGETED_DEVICE_FAMILY = "1,2";
				VERSIONING_SYSTEM = "apple-generic";
				VERSION_INFO_PREFIX = "";
			};
			name = Debug;
		};
		057C3E991A3E2379005147CD /* Release */ = {
			isa = XCBuildConfiguration;
			buildSettings = {
				ALWAYS_SEARCH_USER_PATHS = NO;
				CLANG_CXX_LANGUAGE_STANDARD = "gnu++0x";
				CLANG_CXX_LIBRARY = "libc++";
				CLANG_ENABLE_MODULES = YES;
				CLANG_ENABLE_OBJC_ARC = YES;
				CLANG_WARN_BOOL_CONVERSION = YES;
				CLANG_WARN_CONSTANT_CONVERSION = YES;
				CLANG_WARN_DIRECT_OBJC_ISA_USAGE = YES_ERROR;
				CLANG_WARN_EMPTY_BODY = YES;
				CLANG_WARN_ENUM_CONVERSION = YES;
				CLANG_WARN_INT_CONVERSION = YES;
				CLANG_WARN_OBJC_ROOT_CLASS = YES_ERROR;
				CLANG_WARN_UNREACHABLE_CODE = YES;
				CLANG_WARN__DUPLICATE_METHOD_MATCH = YES;
				"CODE_SIGN_IDENTITY[sdk=iphoneos*]" = "iPhone Developer";
				COPY_PHASE_STRIP = YES;
				CURRENT_PROJECT_VERSION = 1;
				ENABLE_NS_ASSERTIONS = NO;
				ENABLE_STRICT_OBJC_MSGSEND = YES;
				GCC_C_LANGUAGE_STANDARD = gnu99;
				GCC_WARN_64_TO_32_BIT_CONVERSION = YES;
				GCC_WARN_ABOUT_RETURN_TYPE = YES_ERROR;
				GCC_WARN_UNDECLARED_SELECTOR = YES;
				GCC_WARN_UNINITIALIZED_AUTOS = YES_AGGRESSIVE;
				GCC_WARN_UNUSED_FUNCTION = YES;
				GCC_WARN_UNUSED_VARIABLE = YES;
				IPHONEOS_DEPLOYMENT_TARGET = 8.1;
				MTL_ENABLE_DEBUG_INFO = NO;
				SDKROOT = iphoneos;
				TARGETED_DEVICE_FAMILY = "1,2";
				VALIDATE_PRODUCT = YES;
				VERSIONING_SYSTEM = "apple-generic";
				VERSION_INFO_PREFIX = "";
			};
			name = Release;
		};
		057C3E9B1A3E2379005147CD /* Debug */ = {
			isa = XCBuildConfiguration;
			buildSettings = {
				DEFINES_MODULE = YES;
				DYLIB_COMPATIBILITY_VERSION = 1;
				DYLIB_CURRENT_VERSION = 1;
				DYLIB_INSTALL_NAME_BASE = "@rpath";
				INFOPLIST_FILE = SimpleFutures/Info.plist;
				INSTALL_PATH = "$(LOCAL_LIBRARY_DIR)/Frameworks";
				LD_RUNPATH_SEARCH_PATHS = "$(inherited) @executable_path/Frameworks @loader_path/Frameworks";
				PRODUCT_NAME = "$(TARGET_NAME)";
				SKIP_INSTALL = YES;
			};
			name = Debug;
		};
		057C3E9C1A3E2379005147CD /* Release */ = {
			isa = XCBuildConfiguration;
			buildSettings = {
				DEFINES_MODULE = YES;
				DYLIB_COMPATIBILITY_VERSION = 1;
				DYLIB_CURRENT_VERSION = 1;
				DYLIB_INSTALL_NAME_BASE = "@rpath";
				INFOPLIST_FILE = SimpleFutures/Info.plist;
				INSTALL_PATH = "$(LOCAL_LIBRARY_DIR)/Frameworks";
				LD_RUNPATH_SEARCH_PATHS = "$(inherited) @executable_path/Frameworks @loader_path/Frameworks";
				PRODUCT_NAME = "$(TARGET_NAME)";
				SKIP_INSTALL = YES;
			};
			name = Release;
		};
		057C3E9E1A3E2379005147CD /* Debug */ = {
			isa = XCBuildConfiguration;
			buildSettings = {
				FRAMEWORK_SEARCH_PATHS = (
					"$(SDKROOT)/Developer/Library/Frameworks",
					"$(inherited)",
				);
				GCC_PREPROCESSOR_DEFINITIONS = (
					"DEBUG=1",
					"$(inherited)",
				);
				INFOPLIST_FILE = SimpleFuturesTests/Info.plist;
				LD_RUNPATH_SEARCH_PATHS = "$(inherited) @executable_path/Frameworks @loader_path/Frameworks";
				PRODUCT_NAME = "$(TARGET_NAME)";
			};
			name = Debug;
		};
		057C3E9F1A3E2379005147CD /* Release */ = {
			isa = XCBuildConfiguration;
			buildSettings = {
				FRAMEWORK_SEARCH_PATHS = (
					"$(SDKROOT)/Developer/Library/Frameworks",
					"$(inherited)",
				);
				INFOPLIST_FILE = SimpleFuturesTests/Info.plist;
				LD_RUNPATH_SEARCH_PATHS = "$(inherited) @executable_path/Frameworks @loader_path/Frameworks";
				PRODUCT_NAME = "$(TARGET_NAME)";
			};
			name = Release;
		};
/* End XCBuildConfiguration section */

/* Begin XCConfigurationList section */
		057C3E7E1A3E2379005147CD /* Build configuration list for PBXProject "SimpleFutures" */ = {
			isa = XCConfigurationList;
			buildConfigurations = (
				057C3E981A3E2379005147CD /* Debug */,
				057C3E991A3E2379005147CD /* Release */,
			);
			defaultConfigurationIsVisible = 0;
			defaultConfigurationName = Release;
		};
		057C3E9A1A3E2379005147CD /* Build configuration list for PBXNativeTarget "SimpleFutures" */ = {
			isa = XCConfigurationList;
			buildConfigurations = (
				057C3E9B1A3E2379005147CD /* Debug */,
				057C3E9C1A3E2379005147CD /* Release */,
			);
			defaultConfigurationIsVisible = 0;
			defaultConfigurationName = Release;
		};
		057C3E9D1A3E2379005147CD /* Build configuration list for PBXNativeTarget "SimpleFuturesTests" */ = {
			isa = XCConfigurationList;
			buildConfigurations = (
				057C3E9E1A3E2379005147CD /* Debug */,
				057C3E9F1A3E2379005147CD /* Release */,
			);
			defaultConfigurationIsVisible = 0;
			defaultConfigurationName = Release;
		};
/* End XCConfigurationList section */
	};
	rootObject = 057C3E7B1A3E2378005147CD /* Project object */;
}
